// !$*UTF8*$!
{
	archiveVersion = 1;
	classes = {
	};
	objectVersion = 46;
	objects = {

/* Begin PBXBuildFile section */
		9EC28CB51D4BCE4500DD39CA /* main.swift in Sources */ = {isa = PBXBuildFile; fileRef = 9EC28CB41D4BCE4500DD39CA /* main.swift */; };
		9EC28CBC1D4BCE8A00DD39CA /* Book.swift in Sources */ = {isa = PBXBuildFile; fileRef = 9EC28CBB1D4BCE8A00DD39CA /* Book.swift */; };
		9EC28CBE1D4BCF6B00DD39CA /* Pool.swift in Sources */ = {isa = PBXBuildFile; fileRef = 9EC28CBD1D4BCF6B00DD39CA /* Pool.swift */; };
		9EC28CC01D4BD11200DD39CA /* Library.swift in Sources */ = {isa = PBXBuildFile; fileRef = 9EC28CBF1D4BD11200DD39CA /* Library.swift */; };
/* End PBXBuildFile section */

/* Begin PBXCopyFilesBuildPhase section */
		9EC28CAF1D4BCE4500DD39CA /* CopyFiles */ = {
			isa = PBXCopyFilesBuildPhase;
			buildActionMask = 2147483647;
			dstPath = /usr/share/man/man1/;
			dstSubfolderSpec = 0;
			files = (
			);
			runOnlyForDeploymentPostprocessing = 1;
		};
/* End PBXCopyFilesBuildPhase section */

/* Begin PBXFileReference section */
		9EC28CB11D4BCE4500DD39CA /* ObjectPool */ = {isa = PBXFileReference; explicitFileType = "compiled.mach-o.executable"; includeInIndex = 0; path = ObjectPool; sourceTree = BUILT_PRODUCTS_DIR; };
		9EC28CB41D4BCE4500DD39CA /* main.swift */ = {isa = PBXFileReference; lastKnownFileType = sourcecode.swift; path = main.swift; sourceTree = "<group>"; };
		9EC28CBB1D4BCE8A00DD39CA /* Book.swift */ = {isa = PBXFileReference; fileEncoding = 4; lastKnownFileType = sourcecode.swift; path = Book.swift; sourceTree = "<group>"; };
		9EC28CBD1D4BCF6B00DD39CA /* Pool.swift */ = {isa = PBXFileReference; fileEncoding = 4; lastKnownFileType = sourcecode.swift; path = Pool.swift; sourceTree = "<group>"; };
		9EC28CBF1D4BD11200DD39CA /* Library.swift */ = {isa = PBXFileReference; fileEncoding = 4; lastKnownFileType = sourcecode.swift; path = Library.swift; sourceTree = "<group>"; };
/* End PBXFileReference section */

/* Begin PBXFrameworksBuildPhase section */
		9EC28CAE1D4BCE4500DD39CA /* Frameworks */ = {
			isa = PBXFrameworksBuildPhase;
			buildActionMask = 2147483647;
			files = (
			);
			runOnlyForDeploymentPostprocessing = 0;
		};
/* End PBXFrameworksBuildPhase section */

/* Begin PBXGroup section */
		9EC28CA81D4BCE4500DD39CA = {
			isa = PBXGroup;
			children = (
				9EC28CB31D4BCE4500DD39CA /* ObjectPool */,
				9EC28CB21D4BCE4500DD39CA /* Products */,
			);
			sourceTree = "<group>";
		};
		9EC28CB21D4BCE4500DD39CA /* Products */ = {
			isa = PBXGroup;
			children = (
				9EC28CB11D4BCE4500DD39CA /* ObjectPool */,
			);
			name = Products;
			sourceTree = "<group>";
		};
		9EC28CB31D4BCE4500DD39CA /* ObjectPool */ = {
			isa = PBXGroup;
			children = (
				9EC28CB41D4BCE4500DD39CA /* main.swift */,
				9EC28CBB1D4BCE8A00DD39CA /* Book.swift */,
				9EC28CBD1D4BCF6B00DD39CA /* Pool.swift */,
				9EC28CBF1D4BD11200DD39CA /* Library.swift */,
			);
			path = ObjectPool;
			sourceTree = "<group>";
		};
/* End PBXGroup section */

/* Begin PBXNativeTarget section */
		9EC28CB01D4BCE4500DD39CA /* ObjectPool */ = {
			isa = PBXNativeTarget;
			buildConfigurationList = 9EC28CB81D4BCE4500DD39CA /* Build configuration list for PBXNativeTarget "ObjectPool" */;
			buildPhases = (
				9EC28CAD1D4BCE4500DD39CA /* Sources */,
				9EC28CAE1D4BCE4500DD39CA /* Frameworks */,
				9EC28CAF1D4BCE4500DD39CA /* CopyFiles */,
			);
			buildRules = (
			);
			dependencies = (
			);
			name = ObjectPool;
			productName = ObjectPool;
			productReference = 9EC28CB11D4BCE4500DD39CA /* ObjectPool */;
			productType = "com.apple.product-type.tool";
		};
/* End PBXNativeTarget section */

/* Begin PBXProject section */
		9EC28CA91D4BCE4500DD39CA /* Project object */ = {
			isa = PBXProject;
			attributes = {
				LastSwiftUpdateCheck = 0730;
				LastUpgradeCheck = 0730;
				ORGANIZATIONNAME = HungDo;
				TargetAttributes = {
					9EC28CB01D4BCE4500DD39CA = {
						CreatedOnToolsVersion = 7.3.1;
					};
				};
			};
			buildConfigurationList = 9EC28CAC1D4BCE4500DD39CA /* Build configuration list for PBXProject "ObjectPool" */;
			compatibilityVersion = "Xcode 3.2";
			developmentRegion = English;
			hasScannedForEncodings = 0;
			knownRegions = (
				en,
			);
			mainGroup = 9EC28CA81D4BCE4500DD39CA;
			productRefGroup = 9EC28CB21D4BCE4500DD39CA /* Products */;
			projectDirPath = "";
			projectRoot = "";
			targets = (
				9EC28CB01D4BCE4500DD39CA /* ObjectPool */,
			);
		};
/* End PBXProject section */

/* Begin PBXSourcesBuildPhase section */
		9EC28CAD1D4BCE4500DD39CA /* Sources */ = {
			isa = PBXSourcesBuildPhase;
			buildActionMask = 2147483647;
			files = (
				9EC28CBE1D4BCF6B00DD39CA /* Pool.swift in Sources */,
				9EC28CC01D4BD11200DD39CA /* Library.swift in Sources */,
				9EC28CBC1D4BCE8A00DD39CA /* Book.swift in Sources */,
				9EC28CB51D4BCE4500DD39CA /* main.swift in Sources */,
			);
			runOnlyForDeploymentPostprocessing = 0;
		};
/* End PBXSourcesBuildPhase section */

/* Begin XCBuildConfiguration section */
		9EC28CB61D4BCE4500DD39CA /* Debug */ = {
			isa = XCBuildConfiguration;
			buildSettings = {
				ALWAYS_SEARCH_USER_PATHS = NO;
				CLANG_ANALYZER_NONNULL = YES;
				CLANG_CXX_LANGUAGE_STANDARD = "gnu++0x";
				CLANG_CXX_LIBRARY = "libc++";
				CLANG_ENABLE_MODULES = YES;
				CLANG_ENABLE_OBJC_ARC = YES;
				CLANG_WARN_BOOL_CONVERSION = YES;
				CLANG_WARN_CONSTANT_CONVERSION = YES;
				CLANG_WARN_DIRECT_OBJC_ISA_USAGE = YES_ERROR;
				CLANG_WARN_EMPTY_BODY = YES;
				CLANG_WARN_ENUM_CONVERSION = YES;
				CLANG_WARN_INT_CONVERSION = YES;
				CLANG_WARN_OBJC_ROOT_CLASS = YES_ERROR;
				CLANG_WARN_UNREACHABLE_CODE = YES;
				CLANG_WARN__DUPLICATE_METHOD_MATCH = YES;
				CODE_SIGN_IDENTITY = "-";
				COPY_PHASE_STRIP = NO;
				DEBUG_INFORMATION_FORMAT = dwarf;
				ENABLE_STRICT_OBJC_MSGSEND = YES;
				ENABLE_TESTABILITY = YES;
				GCC_C_LANGUAGE_STANDARD = gnu99;
				GCC_DYNAMIC_NO_PIC = NO;
				GCC_NO_COMMON_BLOCKS = YES;
				GCC_OPTIMIZATION_LEVEL = 0;
				GCC_PREPROCESSOR_DEFINITIONS = (
					"DEBUG=1",
					"$(inherited)",
				);
				GCC_WARN_64_TO_32_BIT_CONVERSION = YES;
				GCC_WARN_ABOUT_RETURN_TYPE = YES_ERROR;
				GCC_WARN_UNDECLARED_SELECTOR = YES;
				GCC_WARN_UNINITIALIZED_AUTOS = YES_AGGRESSIVE;
				GCC_WARN_UNUSED_FUNCTION = YES;
				GCC_WARN_UNUSED_VARIABLE = YES;
				MACOSX_DEPLOYMENT_TARGET = 10.11;
				MTL_ENABLE_DEBUG_INFO = YES;
				ONLY_ACTIVE_ARCH = YES;
				SDKROOT = macosx;
				SWIFT_OPTIMIZATION_LEVEL = "-Onone";
			};
			name = Debug;
		};
		9EC28CB71D4BCE4500DD39CA /* Release */ = {
			isa = XCBuildConfiguration;
			buildSettings = {
				ALWAYS_SEARCH_USER_PATHS = NO;
				CLANG_ANALYZER_NONNULL = YES;
				CLANG_CXX_LANGUAGE_STANDARD = "gnu++0x";
				CLANG_CXX_LIBRARY = "libc++";
				CLANG_ENABLE_MODULES = YES;
				CLANG_ENABLE_OBJC_ARC = YES;
				CLANG_WARN_BOOL_CONVERSION = YES;
				CLANG_WARN_CONSTANT_CONVERSION = YES;
				CLANG_WARN_DIRECT_OBJC_ISA_USAGE = YES_ERROR;
				CLANG_WARN_EMPTY_BODY = YES;
				CLANG_WARN_ENUM_CONVERSION = YES;
				CLANG_WARN_INT_CONVERSION = YES;
				CLANG_WARN_OBJC_ROOT_CLASS = YES_ERROR;
				CLANG_WARN_UNREACHABLE_CODE = YES;
				CLANG_WARN__DUPLICATE_METHOD_MATCH = YES;
				CODE_SIGN_IDENTITY = "-";
				COPY_PHASE_STRIP = NO;
				DEBUG_INFORMATION_FORMAT = "dwarf-with-dsym";
				ENABLE_NS_ASSERTIONS = NO;
				ENABLE_STRICT_OBJC_MSGSEND = YES;
				GCC_C_LANGUAGE_STANDARD = gnu99;
				GCC_NO_COMMON_BLOCKS = YES;
				GCC_WARN_64_TO_32_BIT_CONVERSION = YES;
				GCC_WARN_ABOUT_RETURN_TYPE = YES_ERROR;
				GCC_WARN_UNDECLARED_SELECTOR = YES;
				GCC_WARN_UNINITIALIZED_AUTOS = YES_AGGRESSIVE;
				GCC_WARN_UNUSED_FUNCTION = YES;
				GCC_WARN_UNUSED_VARIABLE = YES;
				MACOSX_DEPLOYMENT_TARGET = 10.11;
				MTL_ENABLE_DEBUG_INFO = NO;
				SDKROOT = macosx;
			};
			name = Release;
		};
		9EC28CB91D4BCE4500DD39CA /* Debug */ = {
			isa = XCBuildConfiguration;
			buildSettings = {
				PRODUCT_NAME = "$(TARGET_NAME)";
			};
			name = Debug;
		};
		9EC28CBA1D4BCE4500DD39CA /* Release */ = {
			isa = XCBuildConfiguration;
			buildSettings = {
				PRODUCT_NAME = "$(TARGET_NAME)";
			};
			name = Release;
		};
/* End XCBuildConfiguration section */

/* Begin XCConfigurationList section */
		9EC28CAC1D4BCE4500DD39CA /* Build configuration list for PBXProject "ObjectPool" */ = {
			isa = XCConfigurationList;
			buildConfigurations = (
				9EC28CB61D4BCE4500DD39CA /* Debug */,
				9EC28CB71D4BCE4500DD39CA /* Release */,
			);
			defaultConfigurationIsVisible = 0;
			defaultConfigurationName = Release;
		};
		9EC28CB81D4BCE4500DD39CA /* Build configuration list for PBXNativeTarget "ObjectPool" */ = {
			isa = XCConfigurationList;
			buildConfigurations = (
				9EC28CB91D4BCE4500DD39CA /* Debug */,
				9EC28CBA1D4BCE4500DD39CA /* Release */,
			);
			defaultConfigurationIsVisible = 0;
		};
/* End XCConfigurationList section */
	};
	rootObject = 9EC28CA91D4BCE4500DD39CA /* Project object */;
}
